// !$*UTF8*$!
{
	archiveVersion = 1;
	classes = {
	};
	objectVersion = 46;
	objects = {

/* Begin PBXBuildFile section */
		3CCC89451DBF8FCF008A896F /* main.m in Sources */ = {isa = PBXBuildFile; fileRef = 3CCC89441DBF8FCF008A896F /* main.m */; };
		3CCC894E1DBF8FCF008A896F /* Main.storyboard in Resources */ = {isa = PBXBuildFile; fileRef = 3CCC894C1DBF8FCF008A896F /* Main.storyboard */; };
		3CCC89501DBF8FCF008A896F /* Assets.xcassets in Resources */ = {isa = PBXBuildFile; fileRef = 3CCC894F1DBF8FCF008A896F /* Assets.xcassets */; };
		3CCC89531DBF8FCF008A896F /* LaunchScreen.storyboard in Resources */ = {isa = PBXBuildFile; fileRef = 3CCC89511DBF8FCF008A896F /* LaunchScreen.storyboard */; };
		3CCC895D1DBF900D008A896F /* AppDelegate.m in Sources */ = {isa = PBXBuildFile; fileRef = 3CCC895C1DBF900D008A896F /* AppDelegate.m */; };
		3CCC89651DC0516D008A896F /* libz.tbd in Frameworks */ = {isa = PBXBuildFile; fileRef = 3CCC89641DC0516D008A896F /* libz.tbd */; };
		3CCC89671DC05187008A896F /* QuartzCore.framework in Frameworks */ = {isa = PBXBuildFile; fileRef = 3CCC89661DC05187008A896F /* QuartzCore.framework */; };
		3CCC89691DC05192008A896F /* AudioToolbox.framework in Frameworks */ = {isa = PBXBuildFile; fileRef = 3CCC89681DC05192008A896F /* AudioToolbox.framework */; };
		3CCC896B1DC0519D008A896F /* SystemConfiguration.framework in Frameworks */ = {isa = PBXBuildFile; fileRef = 3CCC896A1DC0519D008A896F /* SystemConfiguration.framework */; };
		3CCC896D1DC051AF008A896F /* AddressBook.framework in Frameworks */ = {isa = PBXBuildFile; fileRef = 3CCC896C1DC051AF008A896F /* AddressBook.framework */; };
		3CCC896F1DC051C3008A896F /* AVFoundation.framework in Frameworks */ = {isa = PBXBuildFile; fileRef = 3CCC896E1DC051C3008A896F /* AVFoundation.framework */; };
		3CCC89711DC051E5008A896F /* CoreGraphics.framework in Frameworks */ = {isa = PBXBuildFile; fileRef = 3CCC89701DC051E5008A896F /* CoreGraphics.framework */; };
		3CCC89731DC051F0008A896F /* UIKit.framework in Frameworks */ = {isa = PBXBuildFile; fileRef = 3CCC89721DC051F0008A896F /* UIKit.framework */; };
		3CCC89751DC05201008A896F /* Foundation.framework in Frameworks */ = {isa = PBXBuildFile; fileRef = 3CCC89741DC05201008A896F /* Foundation.framework */; };
		3CCC897C1DC05455008A896F /* DisrIdentifyObject.m in Sources */ = {isa = PBXBuildFile; fileRef = 3CCC897B1DC05455008A896F /* DisrIdentifyObject.m */; };
		3CCC897E1DC0550F008A896F /* iflyMSC.framework in Frameworks */ = {isa = PBXBuildFile; fileRef = 3CCC897D1DC0550F008A896F /* iflyMSC.framework */; };
		3CCC89811DC055C9008A896F /* DIATConfig.m in Sources */ = {isa = PBXBuildFile; fileRef = 3CCC89801DC055C9008A896F /* DIATConfig.m */; };
		3CCC89841DC05647008A896F /* DISRDataHelper.m in Sources */ = {isa = PBXBuildFile; fileRef = 3CCC89831DC05647008A896F /* DISRDataHelper.m */; };
		3CCC898A1DC05B4D008A896F /* DVoiceRecognitionViewController.m in Sources */ = {isa = PBXBuildFile; fileRef = 3CCC89891DC05B4D008A896F /* DVoiceRecognitionViewController.m */; };
		3CCC89901DC05DE1008A896F /* DVoiceTouchView.m in Sources */ = {isa = PBXBuildFile; fileRef = 3CCC898F1DC05DE1008A896F /* DVoiceTouchView.m */; };
		3CCC89AB1DC05E8E008A896F /* MASCompositeConstraint.m in Sources */ = {isa = PBXBuildFile; fileRef = 3CCC89931DC05E8E008A896F /* MASCompositeConstraint.m */; };
		3CCC89AC1DC05E8E008A896F /* MASConstraint.m in Sources */ = {isa = PBXBuildFile; fileRef = 3CCC89961DC05E8E008A896F /* MASConstraint.m */; };
		3CCC89AD1DC05E8E008A896F /* MASConstraintMaker.m in Sources */ = {isa = PBXBuildFile; fileRef = 3CCC89981DC05E8E008A896F /* MASConstraintMaker.m */; };
		3CCC89AE1DC05E8E008A896F /* MASLayoutConstraint.m in Sources */ = {isa = PBXBuildFile; fileRef = 3CCC899A1DC05E8E008A896F /* MASLayoutConstraint.m */; };
		3CCC89AF1DC05E8E008A896F /* MASViewAttribute.m in Sources */ = {isa = PBXBuildFile; fileRef = 3CCC899E1DC05E8E008A896F /* MASViewAttribute.m */; };
		3CCC89B01DC05E8E008A896F /* MASViewConstraint.m in Sources */ = {isa = PBXBuildFile; fileRef = 3CCC89A01DC05E8E008A896F /* MASViewConstraint.m */; };
		3CCC89B11DC05E8E008A896F /* NSArray+MASAdditions.m in Sources */ = {isa = PBXBuildFile; fileRef = 3CCC89A21DC05E8E008A896F /* NSArray+MASAdditions.m */; };
		3CCC89B21DC05E8E008A896F /* NSLayoutConstraint+MASDebugAdditions.m in Sources */ = {isa = PBXBuildFile; fileRef = 3CCC89A51DC05E8E008A896F /* NSLayoutConstraint+MASDebugAdditions.m */; };
		3CCC89B31DC05E8E008A896F /* View+MASAdditions.m in Sources */ = {isa = PBXBuildFile; fileRef = 3CCC89A71DC05E8E008A896F /* View+MASAdditions.m */; };
		3CCC89B41DC05E8E008A896F /* ViewController+MASAdditions.m in Sources */ = {isa = PBXBuildFile; fileRef = 3CCC89AA1DC05E8E008A896F /* ViewController+MASAdditions.m */; };
		3CCC89B71DC08D77008A896F /* CoreLocation.framework in Frameworks */ = {isa = PBXBuildFile; fileRef = 3CCC89B61DC08D77008A896F /* CoreLocation.framework */; };
		3CCC89B91DC08D94008A896F /* CoreTelephony.framework in Frameworks */ = {isa = PBXBuildFile; fileRef = 3CCC89B81DC08D94008A896F /* CoreTelephony.framework */; };
/* End PBXBuildFile section */

/* Begin PBXFileReference section */
		3CCC89401DBF8FCF008A896F /* DVoiceSend.app */ = {isa = PBXFileReference; explicitFileType = wrapper.application; includeInIndex = 0; path = DVoiceSend.app; sourceTree = BUILT_PRODUCTS_DIR; };
		3CCC89441DBF8FCF008A896F /* main.m */ = {isa = PBXFileReference; lastKnownFileType = sourcecode.c.objc; path = main.m; sourceTree = "<group>"; };
		3CCC894D1DBF8FCF008A896F /* Base */ = {isa = PBXFileReference; lastKnownFileType = file.storyboard; name = Base; path = Base.lproj/Main.storyboard; sourceTree = "<group>"; };
		3CCC894F1DBF8FCF008A896F /* Assets.xcassets */ = {isa = PBXFileReference; lastKnownFileType = folder.assetcatalog; name = Assets.xcassets; path = ../Assets.xcassets; sourceTree = "<group>"; };
		3CCC89521DBF8FCF008A896F /* Base */ = {isa = PBXFileReference; lastKnownFileType = file.storyboard; name = Base; path = Base.lproj/LaunchScreen.storyboard; sourceTree = "<group>"; };
		3CCC89541DBF8FCF008A896F /* Info.plist */ = {isa = PBXFileReference; lastKnownFileType = text.plist.xml; name = Info.plist; path = ../Info.plist; sourceTree = "<group>"; };
		3CCC895B1DBF900D008A896F /* AppDelegate.h */ = {isa = PBXFileReference; fileEncoding = 4; lastKnownFileType = sourcecode.c.h; path = AppDelegate.h; sourceTree = "<group>"; };
		3CCC895C1DBF900D008A896F /* AppDelegate.m */ = {isa = PBXFileReference; fileEncoding = 4; lastKnownFileType = sourcecode.c.objc; path = AppDelegate.m; sourceTree = "<group>"; };
		3CCC89601DBF9204008A896F /* DisrIdentifyObject.h */ = {isa = PBXFileReference; fileEncoding = 4; lastKnownFileType = sourcecode.c.h; path = DisrIdentifyObject.h; sourceTree = "<group>"; };
		3CCC89641DC0516D008A896F /* libz.tbd */ = {isa = PBXFileReference; lastKnownFileType = "sourcecode.text-based-dylib-definition"; name = libz.tbd; path = usr/lib/libz.tbd; sourceTree = SDKROOT; };
		3CCC89661DC05187008A896F /* QuartzCore.framework */ = {isa = PBXFileReference; lastKnownFileType = wrapper.framework; name = QuartzCore.framework; path = System/Library/Frameworks/QuartzCore.framework; sourceTree = SDKROOT; };
		3CCC89681DC05192008A896F /* AudioToolbox.framework */ = {isa = PBXFileReference; lastKnownFileType = wrapper.framework; name = AudioToolbox.framework; path = System/Library/Frameworks/AudioToolbox.framework; sourceTree = SDKROOT; };
		3CCC896A1DC0519D008A896F /* SystemConfiguration.framework */ = {isa = PBXFileReference; lastKnownFileType = wrapper.framework; name = SystemConfiguration.framework; path = System/Library/Frameworks/SystemConfiguration.framework; sourceTree = SDKROOT; };
		3CCC896C1DC051AF008A896F /* AddressBook.framework */ = {isa = PBXFileReference; lastKnownFileType = wrapper.framework; name = AddressBook.framework; path = System/Library/Frameworks/AddressBook.framework; sourceTree = SDKROOT; };
		3CCC896E1DC051C3008A896F /* AVFoundation.framework */ = {isa = PBXFileReference; lastKnownFileType = wrapper.framework; name = AVFoundation.framework; path = System/Library/Frameworks/AVFoundation.framework; sourceTree = SDKROOT; };
		3CCC89701DC051E5008A896F /* CoreGraphics.framework */ = {isa = PBXFileReference; lastKnownFileType = wrapper.framework; name = CoreGraphics.framework; path = System/Library/Frameworks/CoreGraphics.framework; sourceTree = SDKROOT; };
		3CCC89721DC051F0008A896F /* UIKit.framework */ = {isa = PBXFileReference; lastKnownFileType = wrapper.framework; name = UIKit.framework; path = System/Library/Frameworks/UIKit.framework; sourceTree = SDKROOT; };
		3CCC89741DC05201008A896F /* Foundation.framework */ = {isa = PBXFileReference; lastKnownFileType = wrapper.framework; name = Foundation.framework; path = System/Library/Frameworks/Foundation.framework; sourceTree = SDKROOT; };
		3CCC89781DC05428008A896F /* Definition.h */ = {isa = PBXFileReference; fileEncoding = 4; lastKnownFileType = sourcecode.c.h; path = Definition.h; sourceTree = "<group>"; };
		3CCC897B1DC05455008A896F /* DisrIdentifyObject.m */ = {isa = PBXFileReference; fileEncoding = 4; lastKnownFileType = sourcecode.c.objc; path = DisrIdentifyObject.m; sourceTree = "<group>"; };
		3CCC897D1DC0550F008A896F /* iflyMSC.framework */ = {isa = PBXFileReference; lastKnownFileType = wrapper.framework; name = iflyMSC.framework; path = lib/iflyMSC.framework; sourceTree = "<group>"; };
		3CCC897F1DC055C9008A896F /* DIATConfig.h */ = {isa = PBXFileReference; fileEncoding = 4; lastKnownFileType = sourcecode.c.h; path = DIATConfig.h; sourceTree = "<group>"; };
		3CCC89801DC055C9008A896F /* DIATConfig.m */ = {isa = PBXFileReference; fileEncoding = 4; lastKnownFileType = sourcecode.c.objc; path = DIATConfig.m; sourceTree = "<group>"; };
		3CCC89821DC05647008A896F /* DISRDataHelper.h */ = {isa = PBXFileReference; fileEncoding = 4; lastKnownFileType = sourcecode.c.h; path = DISRDataHelper.h; sourceTree = "<group>"; };
		3CCC89831DC05647008A896F /* DISRDataHelper.m */ = {isa = PBXFileReference; fileEncoding = 4; lastKnownFileType = sourcecode.c.objc; path = DISRDataHelper.m; sourceTree = "<group>"; };
		3CCC89881DC05B4D008A896F /* DVoiceRecognitionViewController.h */ = {isa = PBXFileReference; fileEncoding = 4; lastKnownFileType = sourcecode.c.h; path = DVoiceRecognitionViewController.h; sourceTree = "<group>"; };
		3CCC89891DC05B4D008A896F /* DVoiceRecognitionViewController.m */ = {isa = PBXFileReference; fileEncoding = 4; lastKnownFileType = sourcecode.c.objc; path = DVoiceRecognitionViewController.m; sourceTree = "<group>"; };
		3CCC898E1DC05DE1008A896F /* DVoiceTouchView.h */ = {isa = PBXFileReference; fileEncoding = 4; lastKnownFileType = sourcecode.c.h; path = DVoiceTouchView.h; sourceTree = "<group>"; };
		3CCC898F1DC05DE1008A896F /* DVoiceTouchView.m */ = {isa = PBXFileReference; fileEncoding = 4; lastKnownFileType = sourcecode.c.objc; path = DVoiceTouchView.m; sourceTree = "<group>"; };
		3CCC89921DC05E8E008A896F /* MASCompositeConstraint.h */ = {isa = PBXFileReference; fileEncoding = 4; lastKnownFileType = sourcecode.c.h; path = MASCompositeConstraint.h; sourceTree = "<group>"; };
		3CCC89931DC05E8E008A896F /* MASCompositeConstraint.m */ = {isa = PBXFileReference; fileEncoding = 4; lastKnownFileType = sourcecode.c.objc; path = MASCompositeConstraint.m; sourceTree = "<group>"; };
		3CCC89941DC05E8E008A896F /* MASConstraint+Private.h */ = {isa = PBXFileReference; fileEncoding = 4; lastKnownFileType = sourcecode.c.h; path = "MASConstraint+Private.h"; sourceTree = "<group>"; };
		3CCC89951DC05E8E008A896F /* MASConstraint.h */ = {isa = PBXFileReference; fileEncoding = 4; lastKnownFileType = sourcecode.c.h; path = MASConstraint.h; sourceTree = "<group>"; };
		3CCC89961DC05E8E008A896F /* MASConstraint.m */ = {isa = PBXFileReference; fileEncoding = 4; lastKnownFileType = sourcecode.c.objc; path = MASConstraint.m; sourceTree = "<group>"; };
		3CCC89971DC05E8E008A896F /* MASConstraintMaker.h */ = {isa = PBXFileReference; fileEncoding = 4; lastKnownFileType = sourcecode.c.h; path = MASConstraintMaker.h; sourceTree = "<group>"; };
		3CCC89981DC05E8E008A896F /* MASConstraintMaker.m */ = {isa = PBXFileReference; fileEncoding = 4; lastKnownFileType = sourcecode.c.objc; path = MASConstraintMaker.m; sourceTree = "<group>"; };
		3CCC89991DC05E8E008A896F /* MASLayoutConstraint.h */ = {isa = PBXFileReference; fileEncoding = 4; lastKnownFileType = sourcecode.c.h; path = MASLayoutConstraint.h; sourceTree = "<group>"; };
		3CCC899A1DC05E8E008A896F /* MASLayoutConstraint.m */ = {isa = PBXFileReference; fileEncoding = 4; lastKnownFileType = sourcecode.c.objc; path = MASLayoutConstraint.m; sourceTree = "<group>"; };
		3CCC899B1DC05E8E008A896F /* Masonry.h */ = {isa = PBXFileReference; fileEncoding = 4; lastKnownFileType = sourcecode.c.h; path = Masonry.h; sourceTree = "<group>"; };
		3CCC899C1DC05E8E008A896F /* MASUtilities.h */ = {isa = PBXFileReference; fileEncoding = 4; lastKnownFileType = sourcecode.c.h; path = MASUtilities.h; sourceTree = "<group>"; };
		3CCC899D1DC05E8E008A896F /* MASViewAttribute.h */ = {isa = PBXFileReference; fileEncoding = 4; lastKnownFileType = sourcecode.c.h; path = MASViewAttribute.h; sourceTree = "<group>"; };
		3CCC899E1DC05E8E008A896F /* MASViewAttribute.m */ = {isa = PBXFileReference; fileEncoding = 4; lastKnownFileType = sourcecode.c.objc; path = MASViewAttribute.m; sourceTree = "<group>"; };
		3CCC899F1DC05E8E008A896F /* MASViewConstraint.h */ = {isa = PBXFileReference; fileEncoding = 4; lastKnownFileType = sourcecode.c.h; path = MASViewConstraint.h; sourceTree = "<group>"; };
		3CCC89A01DC05E8E008A896F /* MASViewConstraint.m */ = {isa = PBXFileReference; fileEncoding = 4; lastKnownFileType = sourcecode.c.objc; path = MASViewConstraint.m; sourceTree = "<group>"; };
		3CCC89A11DC05E8E008A896F /* NSArray+MASAdditions.h */ = {isa = PBXFileReference; fileEncoding = 4; lastKnownFileType = sourcecode.c.h; path = "NSArray+MASAdditions.h"; sourceTree = "<group>"; };
		3CCC89A21DC05E8E008A896F /* NSArray+MASAdditions.m */ = {isa = PBXFileReference; fileEncoding = 4; lastKnownFileType = sourcecode.c.objc; path = "NSArray+MASAdditions.m"; sourceTree = "<group>"; };
		3CCC89A31DC05E8E008A896F /* NSArray+MASShorthandAdditions.h */ = {isa = PBXFileReference; fileEncoding = 4; lastKnownFileType = sourcecode.c.h; path = "NSArray+MASShorthandAdditions.h"; sourceTree = "<group>"; };
		3CCC89A41DC05E8E008A896F /* NSLayoutConstraint+MASDebugAdditions.h */ = {isa = PBXFileReference; fileEncoding = 4; lastKnownFileType = sourcecode.c.h; path = "NSLayoutConstraint+MASDebugAdditions.h"; sourceTree = "<group>"; };
		3CCC89A51DC05E8E008A896F /* NSLayoutConstraint+MASDebugAdditions.m */ = {isa = PBXFileReference; fileEncoding = 4; lastKnownFileType = sourcecode.c.objc; path = "NSLayoutConstraint+MASDebugAdditions.m"; sourceTree = "<group>"; };
		3CCC89A61DC05E8E008A896F /* View+MASAdditions.h */ = {isa = PBXFileReference; fileEncoding = 4; lastKnownFileType = sourcecode.c.h; path = "View+MASAdditions.h"; sourceTree = "<group>"; };
		3CCC89A71DC05E8E008A896F /* View+MASAdditions.m */ = {isa = PBXFileReference; fileEncoding = 4; lastKnownFileType = sourcecode.c.objc; path = "View+MASAdditions.m"; sourceTree = "<group>"; };
		3CCC89A81DC05E8E008A896F /* View+MASShorthandAdditions.h */ = {isa = PBXFileReference; fileEncoding = 4; lastKnownFileType = sourcecode.c.h; path = "View+MASShorthandAdditions.h"; sourceTree = "<group>"; };
		3CCC89A91DC05E8E008A896F /* ViewController+MASAdditions.h */ = {isa = PBXFileReference; fileEncoding = 4; lastKnownFileType = sourcecode.c.h; path = "ViewController+MASAdditions.h"; sourceTree = "<group>"; };
		3CCC89AA1DC05E8E008A896F /* ViewController+MASAdditions.m */ = {isa = PBXFileReference; fileEncoding = 4; lastKnownFileType = sourcecode.c.objc; path = "ViewController+MASAdditions.m"; sourceTree = "<group>"; };
		3CCC89B61DC08D77008A896F /* CoreLocation.framework */ = {isa = PBXFileReference; lastKnownFileType = wrapper.framework; name = CoreLocation.framework; path = System/Library/Frameworks/CoreLocation.framework; sourceTree = SDKROOT; };
		3CCC89B81DC08D94008A896F /* CoreTelephony.framework */ = {isa = PBXFileReference; lastKnownFileType = wrapper.framework; name = CoreTelephony.framework; path = System/Library/Frameworks/CoreTelephony.framework; sourceTree = SDKROOT; };
/* End PBXFileReference section */

/* Begin PBXFrameworksBuildPhase section */
		3CCC893D1DBF8FCF008A896F /* Frameworks */ = {
			isa = PBXFrameworksBuildPhase;
			buildActionMask = 2147483647;
			files = (
				3CCC89B91DC08D94008A896F /* CoreTelephony.framework in Frameworks */,
				3CCC89B71DC08D77008A896F /* CoreLocation.framework in Frameworks */,
				3CCC89751DC05201008A896F /* Foundation.framework in Frameworks */,
				3CCC89731DC051F0008A896F /* UIKit.framework in Frameworks */,
				3CCC89711DC051E5008A896F /* CoreGraphics.framework in Frameworks */,
				3CCC896F1DC051C3008A896F /* AVFoundation.framework in Frameworks */,
				3CCC896D1DC051AF008A896F /* AddressBook.framework in Frameworks */,
				3CCC896B1DC0519D008A896F /* SystemConfiguration.framework in Frameworks */,
				3CCC89691DC05192008A896F /* AudioToolbox.framework in Frameworks */,
				3CCC89671DC05187008A896F /* QuartzCore.framework in Frameworks */,
				3CCC897E1DC0550F008A896F /* iflyMSC.framework in Frameworks */,
				3CCC89651DC0516D008A896F /* libz.tbd in Frameworks */,
			);
			runOnlyForDeploymentPostprocessing = 0;
		};
/* End PBXFrameworksBuildPhase section */

/* Begin PBXGroup section */
		3CCC89371DBF8FCF008A896F = {
			isa = PBXGroup;
			children = (
				3CCC89421DBF8FCF008A896F /* DVoiceSend */,
				3CCC89411DBF8FCF008A896F /* Products */,
				3CCC89631DC0516D008A896F /* Frameworks */,
			);
			sourceTree = "<group>";
		};
		3CCC89411DBF8FCF008A896F /* Products */ = {
			isa = PBXGroup;
			children = (
				3CCC89401DBF8FCF008A896F /* DVoiceSend.app */,
			);
			name = Products;
			sourceTree = "<group>";
		};
		3CCC89421DBF8FCF008A896F /* DVoiceSend */ = {
			isa = PBXGroup;
			children = (
				3CCC895F1DBF91CE008A896F /* DPublic */,
				3CCC895E1DBF9068008A896F /* DTools */,
				3CCC895A1DBF900D008A896F /* DAPP */,
				3CCC89431DBF8FCF008A896F /* Supporting Files */,
			);
			path = DVoiceSend;
			sourceTree = "<group>";
		};
		3CCC89431DBF8FCF008A896F /* Supporting Files */ = {
			isa = PBXGroup;
			children = (
				3CCC89441DBF8FCF008A896F /* main.m */,
			);
			name = "Supporting Files";
			sourceTree = "<group>";
		};
		3CCC895A1DBF900D008A896F /* DAPP */ = {
			isa = PBXGroup;
			children = (
				3CCC89871DC058BD008A896F /* View */,
				3CCC89861DC05894008A896F /* Controller */,
				3CCC89851DC05889008A896F /* APP */,
			);
			path = DAPP;
			sourceTree = "<group>";
		};
		3CCC895E1DBF9068008A896F /* DTools */ = {
			isa = PBXGroup;
			children = (
				3CCC89B51DC08451008A896F /* Image */,
				3CCC89911DC05E8E008A896F /* Masonry */,
			);
			path = DTools;
			sourceTree = "<group>";
		};
		3CCC895F1DBF91CE008A896F /* DPublic */ = {
			isa = PBXGroup;
			children = (
				3CCC89781DC05428008A896F /* Definition.h */,
				3CCC89601DBF9204008A896F /* DisrIdentifyObject.h */,
				3CCC897B1DC05455008A896F /* DisrIdentifyObject.m */,
				3CCC897F1DC055C9008A896F /* DIATConfig.h */,
				3CCC89801DC055C9008A896F /* DIATConfig.m */,
				3CCC89821DC05647008A896F /* DISRDataHelper.h */,
				3CCC89831DC05647008A896F /* DISRDataHelper.m */,
			);
			path = DPublic;
			sourceTree = "<group>";
		};
		3CCC89631DC0516D008A896F /* Frameworks */ = {
			isa = PBXGroup;
			children = (
				3CCC89B81DC08D94008A896F /* CoreTelephony.framework */,
				3CCC89B61DC08D77008A896F /* CoreLocation.framework */,
				3CCC897D1DC0550F008A896F /* iflyMSC.framework */,
				3CCC89741DC05201008A896F /* Foundation.framework */,
				3CCC89721DC051F0008A896F /* UIKit.framework */,
				3CCC89701DC051E5008A896F /* CoreGraphics.framework */,
				3CCC896E1DC051C3008A896F /* AVFoundation.framework */,
				3CCC896C1DC051AF008A896F /* AddressBook.framework */,
				3CCC896A1DC0519D008A896F /* SystemConfiguration.framework */,
				3CCC89681DC05192008A896F /* AudioToolbox.framework */,
				3CCC89661DC05187008A896F /* QuartzCore.framework */,
				3CCC89641DC0516D008A896F /* libz.tbd */,
			);
			name = Frameworks;
			sourceTree = "<group>";
		};
		3CCC89851DC05889008A896F /* APP */ = {
			isa = PBXGroup;
			children = (
				3CCC895B1DBF900D008A896F /* AppDelegate.h */,
				3CCC895C1DBF900D008A896F /* AppDelegate.m */,
				3CCC894C1DBF8FCF008A896F /* Main.storyboard */,
				3CCC89541DBF8FCF008A896F /* Info.plist */,
			);
			name = APP;
			sourceTree = "<group>";
		};
		3CCC89861DC05894008A896F /* Controller */ = {
			isa = PBXGroup;
			children = (
				3CCC89881DC05B4D008A896F /* DVoiceRecognitionViewController.h */,
				3CCC89891DC05B4D008A896F /* DVoiceRecognitionViewController.m */,
			);
			name = Controller;
			sourceTree = "<group>";
		};
		3CCC89871DC058BD008A896F /* View */ = {
			isa = PBXGroup;
			children = (
				3CCC898E1DC05DE1008A896F /* DVoiceTouchView.h */,
				3CCC898F1DC05DE1008A896F /* DVoiceTouchView.m */,
			);
			name = View;
			sourceTree = "<group>";
		};
		3CCC89911DC05E8E008A896F /* Masonry */ = {
			isa = PBXGroup;
			children = (
				3CCC89921DC05E8E008A896F /* MASCompositeConstraint.h */,
				3CCC89931DC05E8E008A896F /* MASCompositeConstraint.m */,
				3CCC89941DC05E8E008A896F /* MASConstraint+Private.h */,
				3CCC89951DC05E8E008A896F /* MASConstraint.h */,
				3CCC89961DC05E8E008A896F /* MASConstraint.m */,
				3CCC89971DC05E8E008A896F /* MASConstraintMaker.h */,
				3CCC89981DC05E8E008A896F /* MASConstraintMaker.m */,
				3CCC89991DC05E8E008A896F /* MASLayoutConstraint.h */,
				3CCC899A1DC05E8E008A896F /* MASLayoutConstraint.m */,
				3CCC899B1DC05E8E008A896F /* Masonry.h */,
				3CCC899C1DC05E8E008A896F /* MASUtilities.h */,
				3CCC899D1DC05E8E008A896F /* MASViewAttribute.h */,
				3CCC899E1DC05E8E008A896F /* MASViewAttribute.m */,
				3CCC899F1DC05E8E008A896F /* MASViewConstraint.h */,
				3CCC89A01DC05E8E008A896F /* MASViewConstraint.m */,
				3CCC89A11DC05E8E008A896F /* NSArray+MASAdditions.h */,
				3CCC89A21DC05E8E008A896F /* NSArray+MASAdditions.m */,
				3CCC89A31DC05E8E008A896F /* NSArray+MASShorthandAdditions.h */,
				3CCC89A41DC05E8E008A896F /* NSLayoutConstraint+MASDebugAdditions.h */,
				3CCC89A51DC05E8E008A896F /* NSLayoutConstraint+MASDebugAdditions.m */,
				3CCC89A61DC05E8E008A896F /* View+MASAdditions.h */,
				3CCC89A71DC05E8E008A896F /* View+MASAdditions.m */,
				3CCC89A81DC05E8E008A896F /* View+MASShorthandAdditions.h */,
				3CCC89A91DC05E8E008A896F /* ViewController+MASAdditions.h */,
				3CCC89AA1DC05E8E008A896F /* ViewController+MASAdditions.m */,
			);
			path = Masonry;
			sourceTree = "<group>";
		};
		3CCC89B51DC08451008A896F /* Image */ = {
			isa = PBXGroup;
			children = (
				3CCC894F1DBF8FCF008A896F /* Assets.xcassets */,
				3CCC89511DBF8FCF008A896F /* LaunchScreen.storyboard */,
			);
			name = Image;
			sourceTree = "<group>";
		};
/* End PBXGroup section */

/* Begin PBXNativeTarget section */
		3CCC893F1DBF8FCF008A896F /* DVoiceSend */ = {
			isa = PBXNativeTarget;
			buildConfigurationList = 3CCC89571DBF8FCF008A896F /* Build configuration list for PBXNativeTarget "DVoiceSend" */;
			buildPhases = (
				3CCC893C1DBF8FCF008A896F /* Sources */,
				3CCC893D1DBF8FCF008A896F /* Frameworks */,
				3CCC893E1DBF8FCF008A896F /* Resources */,
			);
			buildRules = (
			);
			dependencies = (
			);
			name = DVoiceSend;
			productName = DVoiceSend;
			productReference = 3CCC89401DBF8FCF008A896F /* DVoiceSend.app */;
			productType = "com.apple.product-type.application";
		};
/* End PBXNativeTarget section */

/* Begin PBXProject section */
		3CCC89381DBF8FCF008A896F /* Project object */ = {
			isa = PBXProject;
			attributes = {
				LastUpgradeCheck = 0800;
				ORGANIZATIONNAME = DCW;
				TargetAttributes = {
					3CCC893F1DBF8FCF008A896F = {
						CreatedOnToolsVersion = 8.0;
						DevelopmentTeam = C9JQJ595RG;
						ProvisioningStyle = Automatic;
					};
				};
			};
			buildConfigurationList = 3CCC893B1DBF8FCF008A896F /* Build configuration list for PBXProject "DVoiceSend" */;
			compatibilityVersion = "Xcode 3.2";
			developmentRegion = English;
			hasScannedForEncodings = 0;
			knownRegions = (
				en,
				Base,
			);
			mainGroup = 3CCC89371DBF8FCF008A896F;
			productRefGroup = 3CCC89411DBF8FCF008A896F /* Products */;
			projectDirPath = "";
			projectRoot = "";
			targets = (
				3CCC893F1DBF8FCF008A896F /* DVoiceSend */,
			);
		};
/* End PBXProject section */

/* Begin PBXResourcesBuildPhase section */
		3CCC893E1DBF8FCF008A896F /* Resources */ = {
			isa = PBXResourcesBuildPhase;
			buildActionMask = 2147483647;
			files = (
				3CCC89531DBF8FCF008A896F /* LaunchScreen.storyboard in Resources */,
				3CCC89501DBF8FCF008A896F /* Assets.xcassets in Resources */,
				3CCC894E1DBF8FCF008A896F /* Main.storyboard in Resources */,
			);
			runOnlyForDeploymentPostprocessing = 0;
		};
/* End PBXResourcesBuildPhase section */

/* Begin PBXSourcesBuildPhase section */
		3CCC893C1DBF8FCF008A896F /* Sources */ = {
			isa = PBXSourcesBuildPhase;
			buildActionMask = 2147483647;
			files = (
				3CCC89841DC05647008A896F /* DISRDataHelper.m in Sources */,
				3CCC897C1DC05455008A896F /* DisrIdentifyObject.m in Sources */,
				3CCC89B11DC05E8E008A896F /* NSArray+MASAdditions.m in Sources */,
				3CCC898A1DC05B4D008A896F /* DVoiceRecognitionViewController.m in Sources */,
				3CCC895D1DBF900D008A896F /* AppDelegate.m in Sources */,
				3CCC89B31DC05E8E008A896F /* View+MASAdditions.m in Sources */,
				3CCC89AE1DC05E8E008A896F /* MASLayoutConstraint.m in Sources */,
				3CCC89AC1DC05E8E008A896F /* MASConstraint.m in Sources */,
				3CCC89B21DC05E8E008A896F /* NSLayoutConstraint+MASDebugAdditions.m in Sources */,
				3CCC89AB1DC05E8E008A896F /* MASCompositeConstraint.m in Sources */,
				3CCC89901DC05DE1008A896F /* DVoiceTouchView.m in Sources */,
				3CCC89451DBF8FCF008A896F /* main.m in Sources */,
				3CCC89811DC055C9008A896F /* DIATConfig.m in Sources */,
				3CCC89AD1DC05E8E008A896F /* MASConstraintMaker.m in Sources */,
				3CCC89B41DC05E8E008A896F /* ViewController+MASAdditions.m in Sources */,
				3CCC89B01DC05E8E008A896F /* MASViewConstraint.m in Sources */,
				3CCC89AF1DC05E8E008A896F /* MASViewAttribute.m in Sources */,
			);
			runOnlyForDeploymentPostprocessing = 0;
		};
/* End PBXSourcesBuildPhase section */

/* Begin PBXVariantGroup section */
		3CCC894C1DBF8FCF008A896F /* Main.storyboard */ = {
			isa = PBXVariantGroup;
			children = (
				3CCC894D1DBF8FCF008A896F /* Base */,
			);
			name = Main.storyboard;
			path = ..;
			sourceTree = "<group>";
		};
		3CCC89511DBF8FCF008A896F /* LaunchScreen.storyboard */ = {
			isa = PBXVariantGroup;
			children = (
				3CCC89521DBF8FCF008A896F /* Base */,
			);
			name = LaunchScreen.storyboard;
			path = ..;
			sourceTree = "<group>";
		};
/* End PBXVariantGroup section */

/* Begin XCBuildConfiguration section */
		3CCC89551DBF8FCF008A896F /* Debug */ = {
			isa = XCBuildConfiguration;
			buildSettings = {
				ALWAYS_SEARCH_USER_PATHS = NO;
				CLANG_ANALYZER_NONNULL = YES;
				CLANG_CXX_LANGUAGE_STANDARD = "gnu++0x";
				CLANG_CXX_LIBRARY = "libc++";
				CLANG_ENABLE_MODULES = YES;
				CLANG_ENABLE_OBJC_ARC = YES;
				CLANG_WARN_BOOL_CONVERSION = YES;
				CLANG_WARN_CONSTANT_CONVERSION = YES;
				CLANG_WARN_DIRECT_OBJC_ISA_USAGE = YES_ERROR;
				CLANG_WARN_DOCUMENTATION_COMMENTS = YES;
				CLANG_WARN_EMPTY_BODY = YES;
				CLANG_WARN_ENUM_CONVERSION = YES;
				CLANG_WARN_INFINITE_RECURSION = YES;
				CLANG_WARN_INT_CONVERSION = YES;
				CLANG_WARN_OBJC_ROOT_CLASS = YES_ERROR;
				CLANG_WARN_SUSPICIOUS_MOVES = YES;
				CLANG_WARN_UNREACHABLE_CODE = YES;
				CLANG_WARN__DUPLICATE_METHOD_MATCH = YES;
				"CODE_SIGN_IDENTITY[sdk=iphoneos*]" = "iPhone Developer";
				COPY_PHASE_STRIP = NO;
				DEBUG_INFORMATION_FORMAT = dwarf;
				ENABLE_STRICT_OBJC_MSGSEND = YES;
				ENABLE_TESTABILITY = YES;
				GCC_C_LANGUAGE_STANDARD = gnu99;
				GCC_DYNAMIC_NO_PIC = NO;
				GCC_NO_COMMON_BLOCKS = YES;
				GCC_OPTIMIZATION_LEVEL = 0;
				GCC_PREPROCESSOR_DEFINITIONS = (
					"DEBUG=1",
					"$(inherited)",
				);
				GCC_WARN_64_TO_32_BIT_CONVERSION = YES;
				GCC_WARN_ABOUT_RETURN_TYPE = YES_ERROR;
				GCC_WARN_UNDECLARED_SELECTOR = YES;
				GCC_WARN_UNINITIALIZED_AUTOS = YES_AGGRESSIVE;
				GCC_WARN_UNUSED_FUNCTION = YES;
				GCC_WARN_UNUSED_VARIABLE = YES;
				IPHONEOS_DEPLOYMENT_TARGET = 10.0;
				MTL_ENABLE_DEBUG_INFO = YES;
				ONLY_ACTIVE_ARCH = YES;
				SDKROOT = iphoneos;
				TARGETED_DEVICE_FAMILY = "1,2";
			};
			name = Debug;
		};
		3CCC89561DBF8FCF008A896F /* Release */ = {
			isa = XCBuildConfiguration;
			buildSettings = {
				ALWAYS_SEARCH_USER_PATHS = NO;
				CLANG_ANALYZER_NONNULL = YES;
				CLANG_CXX_LANGUAGE_STANDARD = "gnu++0x";
				CLANG_CXX_LIBRARY = "libc++";
				CLANG_ENABLE_MODULES = YES;
				CLANG_ENABLE_OBJC_ARC = YES;
				CLANG_WARN_BOOL_CONVERSION = YES;
				CLANG_WARN_CONSTANT_CONVERSION = YES;
				CLANG_WARN_DIRECT_OBJC_ISA_USAGE = YES_ERROR;
				CLANG_WARN_DOCUMENTATION_COMMENTS = YES;
				CLANG_WARN_EMPTY_BODY = YES;
				CLANG_WARN_ENUM_CONVERSION = YES;
				CLANG_WARN_INFINITE_RECURSION = YES;
				CLANG_WARN_INT_CONVERSION = YES;
				CLANG_WARN_OBJC_ROOT_CLASS = YES_ERROR;
				CLANG_WARN_SUSPICIOUS_MOVES = YES;
				CLANG_WARN_UNREACHABLE_CODE = YES;
				CLANG_WARN__DUPLICATE_METHOD_MATCH = YES;
				"CODE_SIGN_IDENTITY[sdk=iphoneos*]" = "iPhone Developer";
				COPY_PHASE_STRIP = NO;
				DEBUG_INFORMATION_FORMAT = "dwarf-with-dsym";
				ENABLE_NS_ASSERTIONS = NO;
				ENABLE_STRICT_OBJC_MSGSEND = YES;
				GCC_C_LANGUAGE_STANDARD = gnu99;
				GCC_NO_COMMON_BLOCKS = YES;
				GCC_WARN_64_TO_32_BIT_CONVERSION = YES;
				GCC_WARN_ABOUT_RETURN_TYPE = YES_ERROR;
				GCC_WARN_UNDECLARED_SELECTOR = YES;
				GCC_WARN_UNINITIALIZED_AUTOS = YES_AGGRESSIVE;
				GCC_WARN_UNUSED_FUNCTION = YES;
				GCC_WARN_UNUSED_VARIABLE = YES;
				IPHONEOS_DEPLOYMENT_TARGET = 10.0;
				MTL_ENABLE_DEBUG_INFO = NO;
				SDKROOT = iphoneos;
				TARGETED_DEVICE_FAMILY = "1,2";
				VALIDATE_PRODUCT = YES;
			};
			name = Release;
		};
		3CCC89581DBF8FCF008A896F /* Debug */ = {
			isa = XCBuildConfiguration;
			buildSettings = {
				ASSETCATALOG_COMPILER_APPICON_NAME = AppIcon;
				CODE_SIGN_IDENTITY = "iPhone Developer: yin liyuan (F8KHTCDSBV)";
				DEVELOPMENT_TEAM = C9JQJ595RG;
				FRAMEWORK_SEARCH_PATHS = (
					"$(inherited)",
					"$(PROJECT_DIR)",
					"$(PROJECT_DIR)/lib",
				);
				HEADER_SEARCH_PATHS = "";
				INFOPLIST_FILE = DVoiceSend/Info.plist;
				IPHONEOS_DEPLOYMENT_TARGET = 8.0;
				LD_RUNPATH_SEARCH_PATHS = "$(inherited) @executable_path/Frameworks";
				ONLY_ACTIVE_ARCH = YES;
				OTHER_LDFLAGS = "-ObjC";
				OTHER_LIBTOOLFLAGS = "";
				PRODUCT_BUNDLE_IDENTIFIER = kaola.DVoiceSend;
				PRODUCT_NAME = "$(TARGET_NAME)";
				PROVISIONING_PROFILE = "31cfeff5-c17d-411d-94a1-0b63e1314358";
				VALID_ARCHS = "armv7 armv7s arm64";
			};
			name = Debug;
		};
		3CCC89591DBF8FCF008A896F /* Release */ = {
			isa = XCBuildConfiguration;
			buildSettings = {
				ASSETCATALOG_COMPILER_APPICON_NAME = AppIcon;
				CODE_SIGN_IDENTITY = "iPhone Developer: yin liyuan (F8KHTCDSBV)";
				"CODE_SIGN_IDENTITY[sdk=iphoneos*]" = "iPhone Developer: yin liyuan (F8KHTCDSBV)";
				DEVELOPMENT_TEAM = C9JQJ595RG;
				FRAMEWORK_SEARCH_PATHS = (
					"$(inherited)",
					"$(PROJECT_DIR)",
					"$(PROJECT_DIR)/lib",
				);
				HEADER_SEARCH_PATHS = "";
				INFOPLIST_FILE = DVoiceSend/Info.plist;
				IPHONEOS_DEPLOYMENT_TARGET = 8.0;
				LD_RUNPATH_SEARCH_PATHS = "$(inherited) @executable_path/Frameworks";
				ONLY_ACTIVE_ARCH = NO;
				OTHER_LDFLAGS = "-ObjC";
				OTHER_LIBTOOLFLAGS = "";
				PRODUCT_BUNDLE_IDENTIFIER = kaola.DVoiceSend;
				PRODUCT_NAME = "$(TARGET_NAME)";
				PROVISIONING_PROFILE = "31cfeff5-c17d-411d-94a1-0b63e1314358";
				VALID_ARCHS = "armv7 armv7s arm64";
			};
			name = Release;
		};
/* End XCBuildConfiguration section */

/* Begin XCConfigurationList section */
		3CCC893B1DBF8FCF008A896F /* Build configuration list for PBXProject "DVoiceSend" */ = {
			isa = XCConfigurationList;
			buildConfigurations = (
				3CCC89551DBF8FCF008A896F /* Debug */,
				3CCC89561DBF8FCF008A896F /* Release */,
			);
			defaultConfigurationIsVisible = 0;
			defaultConfigurationName = Release;
		};
		3CCC89571DBF8FCF008A896F /* Build configuration list for PBXNativeTarget "DVoiceSend" */ = {
			isa = XCConfigurationList;
			buildConfigurations = (
				3CCC89581DBF8FCF008A896F /* Debug */,
				3CCC89591DBF8FCF008A896F /* Release */,
			);
			defaultConfigurationIsVisible = 0;
			defaultConfigurationName = Release;
		};
/* End XCConfigurationList section */
	};
	rootObject = 3CCC89381DBF8FCF008A896F /* Project object */;
}
